[[package]]
name = "pygame"
version = "2.5.0"
description = "Python Game Development"
category = "main"
optional = false
python-versions = ">=3.6"

[metadata]
lock-version = "1.1"
python-versions = "^3.11"
content-hash = "3466d91202c68429ba5b7ba5afa35fb8529530067aa57cfc609fb8b6d8c422a2"

[metadata.files]
pygame = []
